// !$*UTF8*$!
{
	archiveVersion = 1;
	classes = {
	};
	objectVersion = 56;
	objects = {

/* Begin PBXBuildFile section */
		B2DB343C2B5824E100926C65 /* AppDelegate.swift in Sources */ = {isa = PBXBuildFile; fileRef = B2DB343B2B5824E100926C65 /* AppDelegate.swift */; };
		B2DB343E2B5824E100926C65 /* SceneDelegate.swift in Sources */ = {isa = PBXBuildFile; fileRef = B2DB343D2B5824E100926C65 /* SceneDelegate.swift */; };
		B2DB34402B5824E100926C65 /* ViewController.swift in Sources */ = {isa = PBXBuildFile; fileRef = B2DB343F2B5824E100926C65 /* ViewController.swift */; };
		B2DB34432B5824E100926C65 /* Main.storyboard in Resources */ = {isa = PBXBuildFile; fileRef = B2DB34412B5824E100926C65 /* Main.storyboard */; };
		B2DB34452B5824E200926C65 /* Assets.xcassets in Resources */ = {isa = PBXBuildFile; fileRef = B2DB34442B5824E200926C65 /* Assets.xcassets */; };
		B2DB34482B5824E200926C65 /* LaunchScreen.storyboard in Resources */ = {isa = PBXBuildFile; fileRef = B2DB34462B5824E200926C65 /* LaunchScreen.storyboard */; };
		B2DB34502B58251D00926C65 /* GoogleService-Info.plist in Resources */ = {isa = PBXBuildFile; fileRef = B2DB344F2B58251D00926C65 /* GoogleService-Info.plist */; };
		B2DB34532B582ADE00926C65 /* FirebaseAnalytics in Frameworks */ = {isa = PBXBuildFile; productRef = B2DB34522B582ADE00926C65 /* FirebaseAnalytics */; };
		B2DB34552B582ADE00926C65 /* FirebaseAnalyticsOnDeviceConversion in Frameworks */ = {isa = PBXBuildFile; productRef = B2DB34542B582ADE00926C65 /* FirebaseAnalyticsOnDeviceConversion */; };
		B2DB34572B582ADE00926C65 /* FirebaseAnalyticsSwift in Frameworks */ = {isa = PBXBuildFile; productRef = B2DB34562B582ADE00926C65 /* FirebaseAnalyticsSwift */; };
		B2DB34592B582ADE00926C65 /* FirebaseAnalyticsWithoutAdIdSupport in Frameworks */ = {isa = PBXBuildFile; productRef = B2DB34582B582ADE00926C65 /* FirebaseAnalyticsWithoutAdIdSupport */; };
		B2DB345B2B582ADE00926C65 /* FirebaseAppCheck in Frameworks */ = {isa = PBXBuildFile; productRef = B2DB345A2B582ADE00926C65 /* FirebaseAppCheck */; };
		B2DB345E2B5836DD00926C65 /* FirebaseDatabase in Frameworks */ = {isa = PBXBuildFile; productRef = B2DB345D2B5836DD00926C65 /* FirebaseDatabase */; };
/* End PBXBuildFile section */

/* Begin PBXFileReference section */
		B2DB34382B5824E100926C65 /* iOSFirebasePlayground.app */ = {isa = PBXFileReference; explicitFileType = wrapper.application; includeInIndex = 0; path = iOSFirebasePlayground.app; sourceTree = BUILT_PRODUCTS_DIR; };
		B2DB343B2B5824E100926C65 /* AppDelegate.swift */ = {isa = PBXFileReference; lastKnownFileType = sourcecode.swift; path = AppDelegate.swift; sourceTree = "<group>"; };
		B2DB343D2B5824E100926C65 /* SceneDelegate.swift */ = {isa = PBXFileReference; lastKnownFileType = sourcecode.swift; path = SceneDelegate.swift; sourceTree = "<group>"; };
		B2DB343F2B5824E100926C65 /* ViewController.swift */ = {isa = PBXFileReference; lastKnownFileType = sourcecode.swift; path = ViewController.swift; sourceTree = "<group>"; };
		B2DB34422B5824E100926C65 /* Base */ = {isa = PBXFileReference; lastKnownFileType = file.storyboard; name = Base; path = Base.lproj/Main.storyboard; sourceTree = "<group>"; };
		B2DB34442B5824E200926C65 /* Assets.xcassets */ = {isa = PBXFileReference; lastKnownFileType = folder.assetcatalog; path = Assets.xcassets; sourceTree = "<group>"; };
		B2DB34472B5824E200926C65 /* Base */ = {isa = PBXFileReference; lastKnownFileType = file.storyboard; name = Base; path = Base.lproj/LaunchScreen.storyboard; sourceTree = "<group>"; };
		B2DB34492B5824E200926C65 /* Info.plist */ = {isa = PBXFileReference; lastKnownFileType = text.plist.xml; path = Info.plist; sourceTree = "<group>"; };
		B2DB344F2B58251D00926C65 /* GoogleService-Info.plist */ = {isa = PBXFileReference; fileEncoding = 4; lastKnownFileType = text.plist.xml; path = "GoogleService-Info.plist"; sourceTree = "<group>"; };
/* End PBXFileReference section */

/* Begin PBXFrameworksBuildPhase section */
		B2DB34352B5824E100926C65 /* Frameworks */ = {
			isa = PBXFrameworksBuildPhase;
			buildActionMask = 2147483647;
			files = (
				B2DB345E2B5836DD00926C65 /* FirebaseDatabase in Frameworks */,
				B2DB34572B582ADE00926C65 /* FirebaseAnalyticsSwift in Frameworks */,
				B2DB34532B582ADE00926C65 /* FirebaseAnalytics in Frameworks */,
				B2DB34552B582ADE00926C65 /* FirebaseAnalyticsOnDeviceConversion in Frameworks */,
				B2DB345B2B582ADE00926C65 /* FirebaseAppCheck in Frameworks */,
				B2DB34592B582ADE00926C65 /* FirebaseAnalyticsWithoutAdIdSupport in Frameworks */,
			);
			runOnlyForDeploymentPostprocessing = 0;
		};
/* End PBXFrameworksBuildPhase section */

/* Begin PBXGroup section */
		B2DB342F2B5824E100926C65 = {
			isa = PBXGroup;
			children = (
				B2DB343A2B5824E100926C65 /* iOSFirebasePlayground */,
				B2DB34392B5824E100926C65 /* Products */,
				B2DB345C2B5836DD00926C65 /* Frameworks */,
			);
			sourceTree = "<group>";
		};
		B2DB34392B5824E100926C65 /* Products */ = {
			isa = PBXGroup;
			children = (
				B2DB34382B5824E100926C65 /* iOSFirebasePlayground.app */,
			);
			name = Products;
			sourceTree = "<group>";
		};
		B2DB343A2B5824E100926C65 /* iOSFirebasePlayground */ = {
			isa = PBXGroup;
			children = (
				B2DB343B2B5824E100926C65 /* AppDelegate.swift */,
				B2DB34442B5824E200926C65 /* Assets.xcassets */,
				B2DB344F2B58251D00926C65 /* GoogleService-Info.plist */,
				B2DB34492B5824E200926C65 /* Info.plist */,
				B2DB34462B5824E200926C65 /* LaunchScreen.storyboard */,
				B2DB34412B5824E100926C65 /* Main.storyboard */,
				B2DB343D2B5824E100926C65 /* SceneDelegate.swift */,
				B2DB343F2B5824E100926C65 /* ViewController.swift */,
			);
			path = iOSFirebasePlayground;
			sourceTree = "<group>";
		};
		B2DB345C2B5836DD00926C65 /* Frameworks */ = {
			isa = PBXGroup;
			children = (
			);
			name = Frameworks;
			sourceTree = "<group>";
		};
/* End PBXGroup section */

/* Begin PBXNativeTarget section */
		B2DB34372B5824E100926C65 /* iOSFirebasePlayground */ = {
			isa = PBXNativeTarget;
			buildConfigurationList = B2DB344C2B5824E200926C65 /* Build configuration list for PBXNativeTarget "iOSFirebasePlayground" */;
			buildPhases = (
				B2DB34342B5824E100926C65 /* Sources */,
				B2DB34352B5824E100926C65 /* Frameworks */,
				B2DB34362B5824E100926C65 /* Resources */,
			);
			buildRules = (
			);
			dependencies = (
			);
			name = iOSFirebasePlayground;
			packageProductDependencies = (
				B2DB34522B582ADE00926C65 /* FirebaseAnalytics */,
				B2DB34542B582ADE00926C65 /* FirebaseAnalyticsOnDeviceConversion */,
				B2DB34562B582ADE00926C65 /* FirebaseAnalyticsSwift */,
				B2DB34582B582ADE00926C65 /* FirebaseAnalyticsWithoutAdIdSupport */,
				B2DB345A2B582ADE00926C65 /* FirebaseAppCheck */,
				B2DB345D2B5836DD00926C65 /* FirebaseDatabase */,
			);
			productName = iOSFirebasePlayground;
			productReference = B2DB34382B5824E100926C65 /* iOSFirebasePlayground.app */;
			productType = "com.apple.product-type.application";
		};
/* End PBXNativeTarget section */

/* Begin PBXProject section */
		B2DB34302B5824E100926C65 /* Project object */ = {
			isa = PBXProject;
			attributes = {
				BuildIndependentTargetsInParallel = 1;
				LastSwiftUpdateCheck = 1510;
				LastUpgradeCheck = 1510;
				TargetAttributes = {
					B2DB34372B5824E100926C65 = {
						CreatedOnToolsVersion = 15.1;
					};
				};
			};
			buildConfigurationList = B2DB34332B5824E100926C65 /* Build configuration list for PBXProject "iOSFirebasePlayground" */;
			compatibilityVersion = "Xcode 14.0";
			developmentRegion = en;
			hasScannedForEncodings = 0;
			knownRegions = (
				en,
				Base,
			);
			mainGroup = B2DB342F2B5824E100926C65;
			packageReferences = (
				B2DB34512B582ADE00926C65 /* XCRemoteSwiftPackageReference "firebase-ios-sdk" */,
			);
			productRefGroup = B2DB34392B5824E100926C65 /* Products */;
			projectDirPath = "";
			projectRoot = "";
			targets = (
				B2DB34372B5824E100926C65 /* iOSFirebasePlayground */,
			);
		};
/* End PBXProject section */

/* Begin PBXResourcesBuildPhase section */
		B2DB34362B5824E100926C65 /* Resources */ = {
			isa = PBXResourcesBuildPhase;
			buildActionMask = 2147483647;
			files = (
				B2DB34482B5824E200926C65 /* LaunchScreen.storyboard in Resources */,
				B2DB34502B58251D00926C65 /* GoogleService-Info.plist in Resources */,
				B2DB34452B5824E200926C65 /* Assets.xcassets in Resources */,
				B2DB34432B5824E100926C65 /* Main.storyboard in Resources */,
			);
			runOnlyForDeploymentPostprocessing = 0;
		};
/* End PBXResourcesBuildPhase section */

/* Begin PBXSourcesBuildPhase section */
		B2DB34342B5824E100926C65 /* Sources */ = {
			isa = PBXSourcesBuildPhase;
			buildActionMask = 2147483647;
			files = (
				B2DB34402B5824E100926C65 /* ViewController.swift in Sources */,
				B2DB343C2B5824E100926C65 /* AppDelegate.swift in Sources */,
				B2DB343E2B5824E100926C65 /* SceneDelegate.swift in Sources */,
			);
			runOnlyForDeploymentPostprocessing = 0;
		};
/* End PBXSourcesBuildPhase section */

/* Begin PBXVariantGroup section */
		B2DB34412B5824E100926C65 /* Main.storyboard */ = {
			isa = PBXVariantGroup;
			children = (
				B2DB34422B5824E100926C65 /* Base */,
			);
			name = Main.storyboard;
			sourceTree = "<group>";
		};
		B2DB34462B5824E200926C65 /* LaunchScreen.storyboard */ = {
			isa = PBXVariantGroup;
			children = (
				B2DB34472B5824E200926C65 /* Base */,
			);
			name = LaunchScreen.storyboard;
			sourceTree = "<group>";
		};
/* End PBXVariantGroup section */

/* Begin XCBuildConfiguration section */
		B2DB344A2B5824E200926C65 /* Debug */ = {
			isa = XCBuildConfiguration;
			buildSettings = {
				ALWAYS_SEARCH_USER_PATHS = NO;
				ASSETCATALOG_COMPILER_GENERATE_SWIFT_ASSET_SYMBOL_EXTENSIONS = YES;
				CLANG_ANALYZER_NONNULL = YES;
				CLANG_ANALYZER_NUMBER_OBJECT_CONVERSION = YES_AGGRESSIVE;
				CLANG_CXX_LANGUAGE_STANDARD = "gnu++20";
				CLANG_ENABLE_MODULES = YES;
				CLANG_ENABLE_OBJC_ARC = YES;
				CLANG_ENABLE_OBJC_WEAK = YES;
				CLANG_WARN_BLOCK_CAPTURE_AUTORELEASING = YES;
				CLANG_WARN_BOOL_CONVERSION = YES;
				CLANG_WARN_COMMA = YES;
				CLANG_WARN_CONSTANT_CONVERSION = YES;
				CLANG_WARN_DEPRECATED_OBJC_IMPLEMENTATIONS = YES;
				CLANG_WARN_DIRECT_OBJC_ISA_USAGE = YES_ERROR;
				CLANG_WARN_DOCUMENTATION_COMMENTS = YES;
				CLANG_WARN_EMPTY_BODY = YES;
				CLANG_WARN_ENUM_CONVERSION = YES;
				CLANG_WARN_INFINITE_RECURSION = YES;
				CLANG_WARN_INT_CONVERSION = YES;
				CLANG_WARN_NON_LITERAL_NULL_CONVERSION = YES;
				CLANG_WARN_OBJC_IMPLICIT_RETAIN_SELF = YES;
				CLANG_WARN_OBJC_LITERAL_CONVERSION = YES;
				CLANG_WARN_OBJC_ROOT_CLASS = YES_ERROR;
				CLANG_WARN_QUOTED_INCLUDE_IN_FRAMEWORK_HEADER = YES;
				CLANG_WARN_RANGE_LOOP_ANALYSIS = YES;
				CLANG_WARN_STRICT_PROTOTYPES = YES;
				CLANG_WARN_SUSPICIOUS_MOVE = YES;
				CLANG_WARN_UNGUARDED_AVAILABILITY = YES_AGGRESSIVE;
				CLANG_WARN_UNREACHABLE_CODE = YES;
				CLANG_WARN__DUPLICATE_METHOD_MATCH = YES;
				COPY_PHASE_STRIP = NO;
				DEBUG_INFORMATION_FORMAT = dwarf;
				ENABLE_STRICT_OBJC_MSGSEND = YES;
				ENABLE_TESTABILITY = YES;
				ENABLE_USER_SCRIPT_SANDBOXING = YES;
				GCC_C_LANGUAGE_STANDARD = gnu17;
				GCC_DYNAMIC_NO_PIC = NO;
				GCC_NO_COMMON_BLOCKS = YES;
				GCC_OPTIMIZATION_LEVEL = 0;
				GCC_PREPROCESSOR_DEFINITIONS = (
					"DEBUG=1",
					"$(inherited)",
				);
				GCC_WARN_64_TO_32_BIT_CONVERSION = YES;
				GCC_WARN_ABOUT_RETURN_TYPE = YES_ERROR;
				GCC_WARN_UNDECLARED_SELECTOR = YES;
				GCC_WARN_UNINITIALIZED_AUTOS = YES_AGGRESSIVE;
				GCC_WARN_UNUSED_FUNCTION = YES;
				GCC_WARN_UNUSED_VARIABLE = YES;
				IPHONEOS_DEPLOYMENT_TARGET = 17.2;
				LOCALIZATION_PREFERS_STRING_CATALOGS = YES;
				MTL_ENABLE_DEBUG_INFO = INCLUDE_SOURCE;
				MTL_FAST_MATH = YES;
				ONLY_ACTIVE_ARCH = YES;
				SDKROOT = iphoneos;
				SWIFT_ACTIVE_COMPILATION_CONDITIONS = "DEBUG $(inherited)";
				SWIFT_OPTIMIZATION_LEVEL = "-Onone";
			};
			name = Debug;
		};
		B2DB344B2B5824E200926C65 /* Release */ = {
			isa = XCBuildConfiguration;
			buildSettings = {
				ALWAYS_SEARCH_USER_PATHS = NO;
				ASSETCATALOG_COMPILER_GENERATE_SWIFT_ASSET_SYMBOL_EXTENSIONS = YES;
				CLANG_ANALYZER_NONNULL = YES;
				CLANG_ANALYZER_NUMBER_OBJECT_CONVERSION = YES_AGGRESSIVE;
				CLANG_CXX_LANGUAGE_STANDARD = "gnu++20";
				CLANG_ENABLE_MODULES = YES;
				CLANG_ENABLE_OBJC_ARC = YES;
				CLANG_ENABLE_OBJC_WEAK = YES;
				CLANG_WARN_BLOCK_CAPTURE_AUTORELEASING = YES;
				CLANG_WARN_BOOL_CONVERSION = YES;
				CLANG_WARN_COMMA = YES;
				CLANG_WARN_CONSTANT_CONVERSION = YES;
				CLANG_WARN_DEPRECATED_OBJC_IMPLEMENTATIONS = YES;
				CLANG_WARN_DIRECT_OBJC_ISA_USAGE = YES_ERROR;
				CLANG_WARN_DOCUMENTATION_COMMENTS = YES;
				CLANG_WARN_EMPTY_BODY = YES;
				CLANG_WARN_ENUM_CONVERSION = YES;
				CLANG_WARN_INFINITE_RECURSION = YES;
				CLANG_WARN_INT_CONVERSION = YES;
				CLANG_WARN_NON_LITERAL_NULL_CONVERSION = YES;
				CLANG_WARN_OBJC_IMPLICIT_RETAIN_SELF = YES;
				CLANG_WARN_OBJC_LITERAL_CONVERSION = YES;
				CLANG_WARN_OBJC_ROOT_CLASS = YES_ERROR;
				CLANG_WARN_QUOTED_INCLUDE_IN_FRAMEWORK_HEADER = YES;
				CLANG_WARN_RANGE_LOOP_ANALYSIS = YES;
				CLANG_WARN_STRICT_PROTOTYPES = YES;
				CLANG_WARN_SUSPICIOUS_MOVE = YES;
				CLANG_WARN_UNGUARDED_AVAILABILITY = YES_AGGRESSIVE;
				CLANG_WARN_UNREACHABLE_CODE = YES;
				CLANG_WARN__DUPLICATE_METHOD_MATCH = YES;
				COPY_PHASE_STRIP = NO;
				DEBUG_INFORMATION_FORMAT = "dwarf-with-dsym";
				ENABLE_NS_ASSERTIONS = NO;
				ENABLE_STRICT_OBJC_MSGSEND = YES;
				ENABLE_USER_SCRIPT_SANDBOXING = YES;
				GCC_C_LANGUAGE_STANDARD = gnu17;
				GCC_NO_COMMON_BLOCKS = YES;
				GCC_WARN_64_TO_32_BIT_CONVERSION = YES;
				GCC_WARN_ABOUT_RETURN_TYPE = YES_ERROR;
				GCC_WARN_UNDECLARED_SELECTOR = YES;
				GCC_WARN_UNINITIALIZED_AUTOS = YES_AGGRESSIVE;
				GCC_WARN_UNUSED_FUNCTION = YES;
				GCC_WARN_UNUSED_VARIABLE = YES;
				IPHONEOS_DEPLOYMENT_TARGET = 17.2;
				LOCALIZATION_PREFERS_STRING_CATALOGS = YES;
				MTL_ENABLE_DEBUG_INFO = NO;
				MTL_FAST_MATH = YES;
				SDKROOT = iphoneos;
				SWIFT_COMPILATION_MODE = wholemodule;
				VALIDATE_PRODUCT = YES;
			};
			name = Release;
		};
		B2DB344D2B5824E200926C65 /* Debug */ = {
			isa = XCBuildConfiguration;
			buildSettings = {
				ASSETCATALOG_COMPILER_APPICON_NAME = AppIcon;
				ASSETCATALOG_COMPILER_GLOBAL_ACCENT_COLOR_NAME = AccentColor;
				CODE_SIGN_STYLE = Automatic;
				CURRENT_PROJECT_VERSION = 1;
				DEVELOPMENT_TEAM = Z729D9DEF5;
				GENERATE_INFOPLIST_FILE = YES;
				INFOPLIST_FILE = iOSFirebasePlayground/Info.plist;
				INFOPLIST_KEY_UIApplicationSupportsIndirectInputEvents = YES;
				INFOPLIST_KEY_UILaunchStoryboardName = LaunchScreen;
				INFOPLIST_KEY_UIMainStoryboardFile = Main;
				INFOPLIST_KEY_UISupportedInterfaceOrientations_iPad = "UIInterfaceOrientationPortrait UIInterfaceOrientationPortraitUpsideDown UIInterfaceOrientationLandscapeLeft UIInterfaceOrientationLandscapeRight";
				INFOPLIST_KEY_UISupportedInterfaceOrientations_iPhone = "UIInterfaceOrientationPortrait UIInterfaceOrientationLandscapeLeft UIInterfaceOrientationLandscapeRight";
				LD_RUNPATH_SEARCH_PATHS = (
					"$(inherited)",
					"@executable_path/Frameworks",
				);
				MARKETING_VERSION = 1.0;
				PRODUCT_BUNDLE_IDENTIFIER = com.knapsoft.iOSFirebasePlayground;
				PRODUCT_NAME = "$(TARGET_NAME)";
				SWIFT_EMIT_LOC_STRINGS = YES;
				SWIFT_VERSION = 5.0;
				TARGETED_DEVICE_FAMILY = "1,2";
			};
			name = Debug;
		};
		B2DB344E2B5824E200926C65 /* Release */ = {
			isa = XCBuildConfiguration;
			buildSettings = {
				ASSETCATALOG_COMPILER_APPICON_NAME = AppIcon;
				ASSETCATALOG_COMPILER_GLOBAL_ACCENT_COLOR_NAME = AccentColor;
				CODE_SIGN_STYLE = Automatic;
				CURRENT_PROJECT_VERSION = 1;
				DEVELOPMENT_TEAM = Z729D9DEF5;
				GENERATE_INFOPLIST_FILE = YES;
				INFOPLIST_FILE = iOSFirebasePlayground/Info.plist;
				INFOPLIST_KEY_UIApplicationSupportsIndirectInputEvents = YES;
				INFOPLIST_KEY_UILaunchStoryboardName = LaunchScreen;
				INFOPLIST_KEY_UIMainStoryboardFile = Main;
				INFOPLIST_KEY_UISupportedInterfaceOrientations_iPad = "UIInterfaceOrientationPortrait UIInterfaceOrientationPortraitUpsideDown UIInterfaceOrientationLandscapeLeft UIInterfaceOrientationLandscapeRight";
				INFOPLIST_KEY_UISupportedInterfaceOrientations_iPhone = "UIInterfaceOrientationPortrait UIInterfaceOrientationLandscapeLeft UIInterfaceOrientationLandscapeRight";
				LD_RUNPATH_SEARCH_PATHS = (
					"$(inherited)",
					"@executable_path/Frameworks",
				);
				MARKETING_VERSION = 1.0;
				PRODUCT_BUNDLE_IDENTIFIER = com.knapsoft.iOSFirebasePlayground;
				PRODUCT_NAME = "$(TARGET_NAME)";
				SWIFT_EMIT_LOC_STRINGS = YES;
				SWIFT_VERSION = 5.0;
				TARGETED_DEVICE_FAMILY = "1,2";
			};
			name = Release;
		};
/* End XCBuildConfiguration section */

/* Begin XCConfigurationList section */
		B2DB34332B5824E100926C65 /* Build configuration list for PBXProject "iOSFirebasePlayground" */ = {
			isa = XCConfigurationList;
			buildConfigurations = (
				B2DB344A2B5824E200926C65 /* Debug */,
				B2DB344B2B5824E200926C65 /* Release */,
			);
			defaultConfigurationIsVisible = 0;
			defaultConfigurationName = Release;
		};
		B2DB344C2B5824E200926C65 /* Build configuration list for PBXNativeTarget "iOSFirebasePlayground" */ = {
			isa = XCConfigurationList;
			buildConfigurations = (
				B2DB344D2B5824E200926C65 /* Debug */,
				B2DB344E2B5824E200926C65 /* Release */,
			);
			defaultConfigurationIsVisible = 0;
			defaultConfigurationName = Release;
		};
/* End XCConfigurationList section */

/* Begin XCRemoteSwiftPackageReference section */
		B2DB34512B582ADE00926C65 /* XCRemoteSwiftPackageReference "firebase-ios-sdk" */ = {
			isa = XCRemoteSwiftPackageReference;
			repositoryURL = "https://github.com/firebase/firebase-ios-sdk";
			requirement = {
				kind = upToNextMajorVersion;
				minimumVersion = 10.20.0;
			};
		};
/* End XCRemoteSwiftPackageReference section */

/* Begin XCSwiftPackageProductDependency section */
		B2DB34522B582ADE00926C65 /* FirebaseAnalytics */ = {
			isa = XCSwiftPackageProductDependency;
			package = B2DB34512B582ADE00926C65 /* XCRemoteSwiftPackageReference "firebase-ios-sdk" */;
			productName = FirebaseAnalytics;
		};
		B2DB34542B582ADE00926C65 /* FirebaseAnalyticsOnDeviceConversion */ = {
			isa = XCSwiftPackageProductDependency;
			package = B2DB34512B582ADE00926C65 /* XCRemoteSwiftPackageReference "firebase-ios-sdk" */;
			productName = FirebaseAnalyticsOnDeviceConversion;
		};
		B2DB34562B582ADE00926C65 /* FirebaseAnalyticsSwift */ = {
			isa = XCSwiftPackageProductDependency;
			package = B2DB34512B582ADE00926C65 /* XCRemoteSwiftPackageReference "firebase-ios-sdk" */;
			productName = FirebaseAnalyticsSwift;
		};
		B2DB34582B582ADE00926C65 /* FirebaseAnalyticsWithoutAdIdSupport */ = {
			isa = XCSwiftPackageProductDependency;
			package = B2DB34512B582ADE00926C65 /* XCRemoteSwiftPackageReference "firebase-ios-sdk" */;
			productName = FirebaseAnalyticsWithoutAdIdSupport;
		};
		B2DB345A2B582ADE00926C65 /* FirebaseAppCheck */ = {
			isa = XCSwiftPackageProductDependency;
			package = B2DB34512B582ADE00926C65 /* XCRemoteSwiftPackageReference "firebase-ios-sdk" */;
			productName = FirebaseAppCheck;
		};
		B2DB345D2B5836DD00926C65 /* FirebaseDatabase */ = {
			isa = XCSwiftPackageProductDependency;
			package = B2DB34512B582ADE00926C65 /* XCRemoteSwiftPackageReference "firebase-ios-sdk" */;
			productName = FirebaseDatabase;
		};
/* End XCSwiftPackageProductDependency section */
	};
	rootObject = B2DB34302B5824E100926C65 /* Project object */;
}
